
Microsoft Visual Studio Solution File, Format Version 12.00
# Visual Studio Version 17
VisualStudioVersion = 17.9.34607.119
MinimumVisualStudioVersion = 10.0.40219.1
Project("{FAE04EC0-301F-11D3-BF4B-00C04F79EFBC}") = "Matheus Souza - RM98581", "Matheus Souza - RM98581.csproj", "{16DCF015-0E96-43F3-98B4-8BF0ACF517F4}"
EndProject
Global
	GlobalSection(SolutionConfigurationPlatforms) = preSolution
		Debug|Any CPU = Debug|Any CPU
		Release|Any CPU = Release|Any CPU
	EndGlobalSection
	GlobalSection(ProjectConfigurationPlatforms) = postSolution
		{16DCF015-0E96-43F3-98B4-8BF0ACF517F4}.Debug|Any CPU.ActiveCfg = Debug|Any CPU
		{16DCF015-0E96-43F3-98B4-8BF0ACF517F4}.Debug|Any CPU.Build.0 = Debug|Any CPU
		{16DCF015-0E96-43F3-98B4-8BF0ACF517F4}.Release|Any CPU.ActiveCfg = Release|Any CPU
		{16DCF015-0E96-43F3-98B4-8BF0ACF517F4}.Release|Any CPU.Build.0 = Release|Any CPU
	EndGlobalSection
	GlobalSection(SolutionProperties) = preSolution
		HideSolutionNode = FALSE
	EndGlobalSection
	GlobalSection(ExtensibilityGlobals) = postSolution
		SolutionGuid = {24AF5264-150F-45E8-9682-DF5E5484AB73}
	EndGlobalSection
EndGlobal
